
Microsoft Visual Studio Solution File, Format Version 12.00
# Visual Studio Version 16
VisualStudioVersion = 16.0.33927.289
MinimumVisualStudioVersion = 10.0.40219.1
Project("{2150E333-8FDC-42A3-9474-1A3956D46DE8}") = "Task0", "Task0", "{4812666C-CD8E-48EB-AF0F-22F196AD3C10}"
EndProject
Project("{FAE04EC0-301F-11D3-BF4B-00C04F79EFBC}") = "Tyuiu.ChazovaSR.Sprint2.Task0.V0", "Tyuiu.ChazovaSR.Sprint2.Task0.V0\Tyuiu.ChazovaSR.Sprint2.Task0.V0.csproj", "{506753EC-F8A7-4BAB-94C6-F07A89EE67EC}"
EndProject
Project("{FAE04EC0-301F-11D3-BF4B-00C04F79EFBC}") = "Tyuiu.ChazovaSR.Sprint2.Task0.V0.Test", "Tyuiu.ChazovaSR.Sprint2.Task0.V0.Test\Tyuiu.ChazovaSR.Sprint2.Task0.V0.Test.csproj", "{6CCE9516-55CA-4B3E-90A1-2ECA9C0FEC50}"
EndProject
Project("{FAE04EC0-301F-11D3-BF4B-00C04F79EFBC}") = "Tyuiu.ChazovaSR.Sprint2.Task0.V0.Lib", "Tyuiu.ChazovaSR.Sprint2.Task0.V0.Lib\Tyuiu.ChazovaSR.Sprint2.Task0.V0.Lib.csproj", "{00472E5B-BCFA-496A-9E60-DCAAC7B6BE9D}"
EndProject
Project("{FAE04EC0-301F-11D3-BF4B-00C04F79EFBC}") = "Tyuiu.ChazovaSR.Sprint2.Task0.V1.Lib", "Tyuiu.ChazovaSR.Sprint2.Task0.V1.Lib\Tyuiu.ChazovaSR.Sprint2.Task0.V1.Lib.csproj", "{599E30E6-D6CA-4CAC-ABD8-D48F6678073A}"
EndProject
Project("{FAE04EC0-301F-11D3-BF4B-00C04F79EFBC}") = "Tyuiu.ChazovaSR.Sprint2.Task0.V1.Test", "Tyuiu.ChazovaSR.Sprint2.Task0.V1.Test\Tyuiu.ChazovaSR.Sprint2.Task0.V1.Test.csproj", "{4E15DEC1-77FB-4BB4-B28B-BB94FEC419A9}"
EndProject
Project("{FAE04EC0-301F-11D3-BF4B-00C04F79EFBC}") = "Tyuiu.ChazovaSR.Sprint2.Task0.V1", "Tyuiu.ChazovaSR.Sprint2.Task0.V1\Tyuiu.ChazovaSR.Sprint2.Task0.V1.csproj", "{CAA7E238-BD7A-4D6F-881E-BC37448ADDF4}"
EndProject
Project("{2150E333-8FDC-42A3-9474-1A3956D46DE8}") = "Task1", "Task1", "{99664200-3B04-4205-90F2-4AA133F543D8}"
EndProject
Project("{FAE04EC0-301F-11D3-BF4B-00C04F79EFBC}") = "Tyuiu.ChazovaSR.Sprint2.Task1.V0", "Tyuiu.ChazovaSR.Sprint2.Task1.V0\Tyuiu.ChazovaSR.Sprint2.Task1.V0.csproj", "{826252AE-C4EA-4089-86C2-24B387CE9D0F}"
EndProject
Project("{FAE04EC0-301F-11D3-BF4B-00C04F79EFBC}") = "Tyuiu.ChazovaSR.Sprint2.Task1.V0.Test", "Tyuiu.ChazovaSR.Sprint2.Task1.V0.Test\Tyuiu.ChazovaSR.Sprint2.Task1.V0.Test.csproj", "{A13EDEDE-7C4B-4057-87FB-5FCBA0ED1846}"
EndProject
Project("{FAE04EC0-301F-11D3-BF4B-00C04F79EFBC}") = "Tyuiu.ChazovaSR.Sprint2.Task1.V0.Lib", "Tyuiu.ChazovaSR.Sprint2.Task1.V0.Lib\Tyuiu.ChazovaSR.Sprint2.Task1.V0.Lib.csproj", "{2205F640-6D8F-4D5F-BB19-D4845E1C98EB}"
EndProject
Project("{FAE04EC0-301F-11D3-BF4B-00C04F79EFBC}") = "Tyuiu.ChazovaSR.Sprint2.Task1.V1.Lib", "Tyuiu.ChazovaSR.Sprint2.Task1.V1.Lib\Tyuiu.ChazovaSR.Sprint2.Task1.V1.Lib.csproj", "{62BD3E58-1F1A-4D08-810E-16CEC5D3C110}"
EndProject
Project("{FAE04EC0-301F-11D3-BF4B-00C04F79EFBC}") = "Tyuiu.ChazovaSR.Sprint2.Task1.V1.Test", "Tyuiu.ChazovaSR.Sprint2.Task1.V1.Test\Tyuiu.ChazovaSR.Sprint2.Task1.V1.Test.csproj", "{578385C0-EBD7-425F-9045-47B499324562}"
EndProject
Project("{FAE04EC0-301F-11D3-BF4B-00C04F79EFBC}") = "Tyuiu.ChazovaSR.Sprint2.Task1.V1", "Tyuiu.ChazovaSR.Sprint2.Task1.V1\Tyuiu.ChazovaSR.Sprint2.Task1.V1.csproj", "{09AFDC00-92EF-410F-8993-45E70BFA0D10}"
EndProject
Project("{2150E333-8FDC-42A3-9474-1A3956D46DE8}") = "Task2", "Task2", "{5BD23407-7794-4756-A600-5462EC23AD46}"
EndProject
Project("{FAE04EC0-301F-11D3-BF4B-00C04F79EFBC}") = "Tyuiu.ChazovaSR.Sprint2.Task2.V0", "Tyuiu.ChazovaSR.Sprint2.Task2.V0\Tyuiu.ChazovaSR.Sprint2.Task2.V0.csproj", "{CBACCE52-1ABD-427C-AF8D-4B04B5DF54C7}"
EndProject
Project("{FAE04EC0-301F-11D3-BF4B-00C04F79EFBC}") = "Tyuiu.ChazovaSR.Sprint2.Task2.V0.Test", "Tyuiu.ChazovaSR.Sprint2.Task2.V0.Test\Tyuiu.ChazovaSR.Sprint2.Task2.V0.Test.csproj", "{3CE3D0B9-69D9-4CFE-87EA-15D5C19D9B5C}"
EndProject
Project("{FAE04EC0-301F-11D3-BF4B-00C04F79EFBC}") = "Tyuiu.ChazovaSR.Sprint2.Task2.V0.Lib", "Tyuiu.ChazovaSR.Sprint2.Task2.V0.Lib\Tyuiu.ChazovaSR.Sprint2.Task2.V0.Lib.csproj", "{A189DC0B-B6E1-4C4C-9F12-46E276B82AE0}"
EndProject
Project("{FAE04EC0-301F-11D3-BF4B-00C04F79EFBC}") = "Tyuiu.ChazovaSR.Sprint2.Task2.V8.Lib", "Tyuiu.ChazovaSR.Sprint2.Task2.V8.Lib\Tyuiu.ChazovaSR.Sprint2.Task2.V8.Lib.csproj", "{B725E883-FC94-49BB-A40E-8EDCB3C42B9D}"
EndProject
Project("{FAE04EC0-301F-11D3-BF4B-00C04F79EFBC}") = "Tyuiu.ChazovaSR.Sprint2.Task2.V8.Test", "Tyuiu.ChazovaSR.Sprint2.Task2.V8.Test\Tyuiu.ChazovaSR.Sprint2.Task2.V8.Test.csproj", "{837847D1-E55D-43FF-B309-497D7FFDD984}"
EndProject
Project("{FAE04EC0-301F-11D3-BF4B-00C04F79EFBC}") = "Tyuiu.ChazovaSR.Sprint2.Task2.V8", "Tyuiu.ChazovaSR.Sprint2.Task2.V8\Tyuiu.ChazovaSR.Sprint2.Task2.V8.csproj", "{1BD88363-8CA9-4126-88BB-7F76A68B059A}"
EndProject
Project("{2150E333-8FDC-42A3-9474-1A3956D46DE8}") = "Task3", "Task3", "{47FF6B1A-336E-4910-B19B-0E4CF372F08D}"
EndProject
Project("{FAE04EC0-301F-11D3-BF4B-00C04F79EFBC}") = "Tyuiu.ChazovaSR.Sprint2.Task3.V0.Lib", "Tyuiu.ChazovaSR.Sprint2.Task3.V0.Lib\Tyuiu.ChazovaSR.Sprint2.Task3.V0.Lib.csproj", "{6D3FF027-EABE-4D92-9CB6-0BA31E6A3379}"
EndProject
Project("{FAE04EC0-301F-11D3-BF4B-00C04F79EFBC}") = "Tyuiu.ChazovaSR.Sprint2.Task3.V0", "Tyuiu.ChazovaSR.Sprint2.Task3.V0\Tyuiu.ChazovaSR.Sprint2.Task3.V0.csproj", "{56DB2697-07EF-4B45-AADC-131E18B4EC73}"
EndProject
Project("{FAE04EC0-301F-11D3-BF4B-00C04F79EFBC}") = "Tyuiu.ChazovaSR.Sprint2.Task3.V0.Test", "Tyuiu.ChazovaSR.Sprint2.Task3.V0.Test\Tyuiu.ChazovaSR.Sprint2.Task3.V0.Test.csproj", "{2C460723-293C-4474-BDC1-DC54E6D90160}"
EndProject
Project("{FAE04EC0-301F-11D3-BF4B-00C04F79EFBC}") = "Tyuiu.ChazovaSR.Sprint2.Task3.V6.Lib", "Tyuiu.ChazovaSR.Sprint2.Task3.V6.Lib\Tyuiu.ChazovaSR.Sprint2.Task3.V6.Lib.csproj", "{007214A8-8C1C-4BAD-A887-FCE7B5117D9E}"
EndProject
Project("{FAE04EC0-301F-11D3-BF4B-00C04F79EFBC}") = "Tyuiu.ChazovaSR.Sprint2.Task3.V6.Test", "Tyuiu.ChazovaSR.Sprint2.Task3.V6.Test\Tyuiu.ChazovaSR.Sprint2.Task3.V6.Test.csproj", "{8A6B142A-0AC4-4C1C-917F-5F1FE35AC8B8}"
EndProject
Project("{FAE04EC0-301F-11D3-BF4B-00C04F79EFBC}") = "Tyuiu.ChazovaSR.Sprint2.Task3.V6", "Tyuiu.ChazovaSR.Sprint2.Task3.V6\Tyuiu.ChazovaSR.Sprint2.Task3.V6.csproj", "{15BA30C1-BD7F-4DE4-AAE2-E5C130213D4F}"
EndProject
Global
	GlobalSection(SolutionConfigurationPlatforms) = preSolution
		Debug|Any CPU = Debug|Any CPU
		Release|Any CPU = Release|Any CPU
	EndGlobalSection
	GlobalSection(ProjectConfigurationPlatforms) = postSolution
		{506753EC-F8A7-4BAB-94C6-F07A89EE67EC}.Debug|Any CPU.ActiveCfg = Debug|Any CPU
		{506753EC-F8A7-4BAB-94C6-F07A89EE67EC}.Debug|Any CPU.Build.0 = Debug|Any CPU
		{506753EC-F8A7-4BAB-94C6-F07A89EE67EC}.Release|Any CPU.ActiveCfg = Release|Any CPU
		{506753EC-F8A7-4BAB-94C6-F07A89EE67EC}.Release|Any CPU.Build.0 = Release|Any CPU
		{6CCE9516-55CA-4B3E-90A1-2ECA9C0FEC50}.Debug|Any CPU.ActiveCfg = Debug|Any CPU
		{6CCE9516-55CA-4B3E-90A1-2ECA9C0FEC50}.Debug|Any CPU.Build.0 = Debug|Any CPU
		{6CCE9516-55CA-4B3E-90A1-2ECA9C0FEC50}.Release|Any CPU.ActiveCfg = Release|Any CPU
		{6CCE9516-55CA-4B3E-90A1-2ECA9C0FEC50}.Release|Any CPU.Build.0 = Release|Any CPU
		{00472E5B-BCFA-496A-9E60-DCAAC7B6BE9D}.Debug|Any CPU.ActiveCfg = Debug|Any CPU
		{00472E5B-BCFA-496A-9E60-DCAAC7B6BE9D}.Debug|Any CPU.Build.0 = Debug|Any CPU
		{00472E5B-BCFA-496A-9E60-DCAAC7B6BE9D}.Release|Any CPU.ActiveCfg = Release|Any CPU
		{00472E5B-BCFA-496A-9E60-DCAAC7B6BE9D}.Release|Any CPU.Build.0 = Release|Any CPU
		{599E30E6-D6CA-4CAC-ABD8-D48F6678073A}.Debug|Any CPU.ActiveCfg = Debug|Any CPU
		{599E30E6-D6CA-4CAC-ABD8-D48F6678073A}.Debug|Any CPU.Build.0 = Debug|Any CPU
		{599E30E6-D6CA-4CAC-ABD8-D48F6678073A}.Release|Any CPU.ActiveCfg = Release|Any CPU
		{599E30E6-D6CA-4CAC-ABD8-D48F6678073A}.Release|Any CPU.Build.0 = Release|Any CPU
		{4E15DEC1-77FB-4BB4-B28B-BB94FEC419A9}.Debug|Any CPU.ActiveCfg = Debug|Any CPU
		{4E15DEC1-77FB-4BB4-B28B-BB94FEC419A9}.Debug|Any CPU.Build.0 = Debug|Any CPU
		{4E15DEC1-77FB-4BB4-B28B-BB94FEC419A9}.Release|Any CPU.ActiveCfg = Release|Any CPU
		{4E15DEC1-77FB-4BB4-B28B-BB94FEC419A9}.Release|Any CPU.Build.0 = Release|Any CPU
		{CAA7E238-BD7A-4D6F-881E-BC37448ADDF4}.Debug|Any CPU.ActiveCfg = Debug|Any CPU
		{CAA7E238-BD7A-4D6F-881E-BC37448ADDF4}.Debug|Any CPU.Build.0 = Debug|Any CPU
		{CAA7E238-BD7A-4D6F-881E-BC37448ADDF4}.Release|Any CPU.ActiveCfg = Release|Any CPU
		{CAA7E238-BD7A-4D6F-881E-BC37448ADDF4}.Release|Any CPU.Build.0 = Release|Any CPU
		{826252AE-C4EA-4089-86C2-24B387CE9D0F}.Debug|Any CPU.ActiveCfg = Debug|Any CPU
		{826252AE-C4EA-4089-86C2-24B387CE9D0F}.Debug|Any CPU.Build.0 = Debug|Any CPU
		{826252AE-C4EA-4089-86C2-24B387CE9D0F}.Release|Any CPU.ActiveCfg = Release|Any CPU
		{826252AE-C4EA-4089-86C2-24B387CE9D0F}.Release|Any CPU.Build.0 = Release|Any CPU
		{A13EDEDE-7C4B-4057-87FB-5FCBA0ED1846}.Debug|Any CPU.ActiveCfg = Debug|Any CPU
		{A13EDEDE-7C4B-4057-87FB-5FCBA0ED1846}.Debug|Any CPU.Build.0 = Debug|Any CPU
		{A13EDEDE-7C4B-4057-87FB-5FCBA0ED1846}.Release|Any CPU.ActiveCfg = Release|Any CPU
		{A13EDEDE-7C4B-4057-87FB-5FCBA0ED1846}.Release|Any CPU.Build.0 = Release|Any CPU
		{2205F640-6D8F-4D5F-BB19-D4845E1C98EB}.Debug|Any CPU.ActiveCfg = Debug|Any CPU
		{2205F640-6D8F-4D5F-BB19-D4845E1C98EB}.Debug|Any CPU.Build.0 = Debug|Any CPU
		{2205F640-6D8F-4D5F-BB19-D4845E1C98EB}.Release|Any CPU.ActiveCfg = Release|Any CPU
		{2205F640-6D8F-4D5F-BB19-D4845E1C98EB}.Release|Any CPU.Build.0 = Release|Any CPU
		{62BD3E58-1F1A-4D08-810E-16CEC5D3C110}.Debug|Any CPU.ActiveCfg = Debug|Any CPU
		{62BD3E58-1F1A-4D08-810E-16CEC5D3C110}.Debug|Any CPU.Build.0 = Debug|Any CPU
		{62BD3E58-1F1A-4D08-810E-16CEC5D3C110}.Release|Any CPU.ActiveCfg = Release|Any CPU
		{62BD3E58-1F1A-4D08-810E-16CEC5D3C110}.Release|Any CPU.Build.0 = Release|Any CPU
		{578385C0-EBD7-425F-9045-47B499324562}.Debug|Any CPU.ActiveCfg = Debug|Any CPU
		{578385C0-EBD7-425F-9045-47B499324562}.Debug|Any CPU.Build.0 = Debug|Any CPU
		{578385C0-EBD7-425F-9045-47B499324562}.Release|Any CPU.ActiveCfg = Release|Any CPU
		{578385C0-EBD7-425F-9045-47B499324562}.Release|Any CPU.Build.0 = Release|Any CPU
		{09AFDC00-92EF-410F-8993-45E70BFA0D10}.Debug|Any CPU.ActiveCfg = Debug|Any CPU
		{09AFDC00-92EF-410F-8993-45E70BFA0D10}.Debug|Any CPU.Build.0 = Debug|Any CPU
		{09AFDC00-92EF-410F-8993-45E70BFA0D10}.Release|Any CPU.ActiveCfg = Release|Any CPU
		{09AFDC00-92EF-410F-8993-45E70BFA0D10}.Release|Any CPU.Build.0 = Release|Any CPU
		{CBACCE52-1ABD-427C-AF8D-4B04B5DF54C7}.Debug|Any CPU.ActiveCfg = Debug|Any CPU
		{CBACCE52-1ABD-427C-AF8D-4B04B5DF54C7}.Debug|Any CPU.Build.0 = Debug|Any CPU
		{CBACCE52-1ABD-427C-AF8D-4B04B5DF54C7}.Release|Any CPU.ActiveCfg = Release|Any CPU
		{CBACCE52-1ABD-427C-AF8D-4B04B5DF54C7}.Release|Any CPU.Build.0 = Release|Any CPU
		{3CE3D0B9-69D9-4CFE-87EA-15D5C19D9B5C}.Debug|Any CPU.ActiveCfg = Debug|Any CPU
		{3CE3D0B9-69D9-4CFE-87EA-15D5C19D9B5C}.Debug|Any CPU.Build.0 = Debug|Any CPU
		{3CE3D0B9-69D9-4CFE-87EA-15D5C19D9B5C}.Release|Any CPU.ActiveCfg = Release|Any CPU
		{3CE3D0B9-69D9-4CFE-87EA-15D5C19D9B5C}.Release|Any CPU.Build.0 = Release|Any CPU
		{A189DC0B-B6E1-4C4C-9F12-46E276B82AE0}.Debug|Any CPU.ActiveCfg = Debug|Any CPU
		{A189DC0B-B6E1-4C4C-9F12-46E276B82AE0}.Debug|Any CPU.Build.0 = Debug|Any CPU
		{A189DC0B-B6E1-4C4C-9F12-46E276B82AE0}.Release|Any CPU.ActiveCfg = Release|Any CPU
		{A189DC0B-B6E1-4C4C-9F12-46E276B82AE0}.Release|Any CPU.Build.0 = Release|Any CPU
		{B725E883-FC94-49BB-A40E-8EDCB3C42B9D}.Debug|Any CPU.ActiveCfg = Debug|Any CPU
		{B725E883-FC94-49BB-A40E-8EDCB3C42B9D}.Debug|Any CPU.Build.0 = Debug|Any CPU
		{B725E883-FC94-49BB-A40E-8EDCB3C42B9D}.Release|Any CPU.ActiveCfg = Release|Any CPU
		{B725E883-FC94-49BB-A40E-8EDCB3C42B9D}.Release|Any CPU.Build.0 = Release|Any CPU
		{837847D1-E55D-43FF-B309-497D7FFDD984}.Debug|Any CPU.ActiveCfg = Debug|Any CPU
		{837847D1-E55D-43FF-B309-497D7FFDD984}.Debug|Any CPU.Build.0 = Debug|Any CPU
		{837847D1-E55D-43FF-B309-497D7FFDD984}.Release|Any CPU.ActiveCfg = Release|Any CPU
		{837847D1-E55D-43FF-B309-497D7FFDD984}.Release|Any CPU.Build.0 = Release|Any CPU
		{1BD88363-8CA9-4126-88BB-7F76A68B059A}.Debug|Any CPU.ActiveCfg = Debug|Any CPU
		{1BD88363-8CA9-4126-88BB-7F76A68B059A}.Debug|Any CPU.Build.0 = Debug|Any CPU
		{1BD88363-8CA9-4126-88BB-7F76A68B059A}.Release|Any CPU.ActiveCfg = Release|Any CPU
		{1BD88363-8CA9-4126-88BB-7F76A68B059A}.Release|Any CPU.Build.0 = Release|Any CPU
		{6D3FF027-EABE-4D92-9CB6-0BA31E6A3379}.Debug|Any CPU.ActiveCfg = Debug|Any CPU
		{6D3FF027-EABE-4D92-9CB6-0BA31E6A3379}.Debug|Any CPU.Build.0 = Debug|Any CPU
		{6D3FF027-EABE-4D92-9CB6-0BA31E6A3379}.Release|Any CPU.ActiveCfg = Release|Any CPU
		{6D3FF027-EABE-4D92-9CB6-0BA31E6A3379}.Release|Any CPU.Build.0 = Release|Any CPU
		{56DB2697-07EF-4B45-AADC-131E18B4EC73}.Debug|Any CPU.ActiveCfg = Debug|Any CPU
		{56DB2697-07EF-4B45-AADC-131E18B4EC73}.Debug|Any CPU.Build.0 = Debug|Any CPU
		{56DB2697-07EF-4B45-AADC-131E18B4EC73}.Release|Any CPU.ActiveCfg = Release|Any CPU
		{56DB2697-07EF-4B45-AADC-131E18B4EC73}.Release|Any CPU.Build.0 = Release|Any CPU
		{2C460723-293C-4474-BDC1-DC54E6D90160}.Debug|Any CPU.ActiveCfg = Debug|Any CPU
		{2C460723-293C-4474-BDC1-DC54E6D90160}.Debug|Any CPU.Build.0 = Debug|Any CPU
		{2C460723-293C-4474-BDC1-DC54E6D90160}.Release|Any CPU.ActiveCfg = Release|Any CPU
		{2C460723-293C-4474-BDC1-DC54E6D90160}.Release|Any CPU.Build.0 = Release|Any CPU
		{007214A8-8C1C-4BAD-A887-FCE7B5117D9E}.Debug|Any CPU.ActiveCfg = Debug|Any CPU
		{007214A8-8C1C-4BAD-A887-FCE7B5117D9E}.Debug|Any CPU.Build.0 = Debug|Any CPU
		{007214A8-8C1C-4BAD-A887-FCE7B5117D9E}.Release|Any CPU.ActiveCfg = Release|Any CPU
		{007214A8-8C1C-4BAD-A887-FCE7B5117D9E}.Release|Any CPU.Build.0 = Release|Any CPU
		{8A6B142A-0AC4-4C1C-917F-5F1FE35AC8B8}.Debug|Any CPU.ActiveCfg = Debug|Any CPU
		{8A6B142A-0AC4-4C1C-917F-5F1FE35AC8B8}.Debug|Any CPU.Build.0 = Debug|Any CPU
		{8A6B142A-0AC4-4C1C-917F-5F1FE35AC8B8}.Release|Any CPU.ActiveCfg = Release|Any CPU
		{8A6B142A-0AC4-4C1C-917F-5F1FE35AC8B8}.Release|Any CPU.Build.0 = Release|Any CPU
		{15BA30C1-BD7F-4DE4-AAE2-E5C130213D4F}.Debug|Any CPU.ActiveCfg = Debug|Any CPU
		{15BA30C1-BD7F-4DE4-AAE2-E5C130213D4F}.Debug|Any CPU.Build.0 = Debug|Any CPU
		{15BA30C1-BD7F-4DE4-AAE2-E5C130213D4F}.Release|Any CPU.ActiveCfg = Release|Any CPU
		{15BA30C1-BD7F-4DE4-AAE2-E5C130213D4F}.Release|Any CPU.Build.0 = Release|Any CPU
	EndGlobalSection
	GlobalSection(SolutionProperties) = preSolution
		HideSolutionNode = FALSE
	EndGlobalSection
	GlobalSection(NestedProjects) = preSolution
		{506753EC-F8A7-4BAB-94C6-F07A89EE67EC} = {4812666C-CD8E-48EB-AF0F-22F196AD3C10}
		{6CCE9516-55CA-4B3E-90A1-2ECA9C0FEC50} = {4812666C-CD8E-48EB-AF0F-22F196AD3C10}
		{00472E5B-BCFA-496A-9E60-DCAAC7B6BE9D} = {4812666C-CD8E-48EB-AF0F-22F196AD3C10}
		{599E30E6-D6CA-4CAC-ABD8-D48F6678073A} = {4812666C-CD8E-48EB-AF0F-22F196AD3C10}
		{4E15DEC1-77FB-4BB4-B28B-BB94FEC419A9} = {4812666C-CD8E-48EB-AF0F-22F196AD3C10}
		{CAA7E238-BD7A-4D6F-881E-BC37448ADDF4} = {4812666C-CD8E-48EB-AF0F-22F196AD3C10}
		{826252AE-C4EA-4089-86C2-24B387CE9D0F} = {99664200-3B04-4205-90F2-4AA133F543D8}
		{A13EDEDE-7C4B-4057-87FB-5FCBA0ED1846} = {99664200-3B04-4205-90F2-4AA133F543D8}
		{2205F640-6D8F-4D5F-BB19-D4845E1C98EB} = {99664200-3B04-4205-90F2-4AA133F543D8}
		{62BD3E58-1F1A-4D08-810E-16CEC5D3C110} = {99664200-3B04-4205-90F2-4AA133F543D8}
		{578385C0-EBD7-425F-9045-47B499324562} = {99664200-3B04-4205-90F2-4AA133F543D8}
		{09AFDC00-92EF-410F-8993-45E70BFA0D10} = {99664200-3B04-4205-90F2-4AA133F543D8}
		{CBACCE52-1ABD-427C-AF8D-4B04B5DF54C7} = {5BD23407-7794-4756-A600-5462EC23AD46}
		{3CE3D0B9-69D9-4CFE-87EA-15D5C19D9B5C} = {5BD23407-7794-4756-A600-5462EC23AD46}
		{A189DC0B-B6E1-4C4C-9F12-46E276B82AE0} = {5BD23407-7794-4756-A600-5462EC23AD46}
		{B725E883-FC94-49BB-A40E-8EDCB3C42B9D} = {5BD23407-7794-4756-A600-5462EC23AD46}
		{837847D1-E55D-43FF-B309-497D7FFDD984} = {5BD23407-7794-4756-A600-5462EC23AD46}
		{1BD88363-8CA9-4126-88BB-7F76A68B059A} = {5BD23407-7794-4756-A600-5462EC23AD46}
		{6D3FF027-EABE-4D92-9CB6-0BA31E6A3379} = {47FF6B1A-336E-4910-B19B-0E4CF372F08D}
		{56DB2697-07EF-4B45-AADC-131E18B4EC73} = {47FF6B1A-336E-4910-B19B-0E4CF372F08D}
		{2C460723-293C-4474-BDC1-DC54E6D90160} = {47FF6B1A-336E-4910-B19B-0E4CF372F08D}
		{007214A8-8C1C-4BAD-A887-FCE7B5117D9E} = {47FF6B1A-336E-4910-B19B-0E4CF372F08D}
		{8A6B142A-0AC4-4C1C-917F-5F1FE35AC8B8} = {47FF6B1A-336E-4910-B19B-0E4CF372F08D}
		{15BA30C1-BD7F-4DE4-AAE2-E5C130213D4F} = {47FF6B1A-336E-4910-B19B-0E4CF372F08D}
	EndGlobalSection
	GlobalSection(ExtensibilityGlobals) = postSolution
		SolutionGuid = {7C698547-EEFB-4DCC-B68D-7140A163AD8B}
	EndGlobalSection
EndGlobal
